
Microsoft Visual Studio Solution File, Format Version 12.00
# Visual Studio 15
VisualStudioVersion = 15.0.28010.2036
MinimumVisualStudioVersion = 10.0.40219.1
Project("{FAE04EC0-301F-11D3-BF4B-00C04F79EFBC}") = "ADLTest", "ADLTest\ADLTest.csproj", "{AE88768A-A112-4456-A3BA-68A2188AD1A6}"
EndProject
Project("{FAE04EC0-301F-11D3-BF4B-00C04F79EFBC}") = "ADLFormTest", "ADLFormTest\ADLFormTest.csproj", "{3248B31C-5570-49C6-A5F6-9AD9AC13453F}"
EndProject
Global
	GlobalSection(SolutionConfigurationPlatforms) = preSolution
		Debug|Any CPU = Debug|Any CPU
		Release|Any CPU = Release|Any CPU
	EndGlobalSection
	GlobalSection(ProjectConfigurationPlatforms) = postSolution
		{AE88768A-A112-4456-A3BA-68A2188AD1A6}.Debug|Any CPU.ActiveCfg = Debug|Any CPU
		{AE88768A-A112-4456-A3BA-68A2188AD1A6}.Debug|Any CPU.Build.0 = Debug|Any CPU
		{AE88768A-A112-4456-A3BA-68A2188AD1A6}.Release|Any CPU.ActiveCfg = Release|Any CPU
		{AE88768A-A112-4456-A3BA-68A2188AD1A6}.Release|Any CPU.Build.0 = Release|Any CPU
		{3248B31C-5570-49C6-A5F6-9AD9AC13453F}.Debug|Any CPU.ActiveCfg = Debug|Any CPU
		{3248B31C-5570-49C6-A5F6-9AD9AC13453F}.Debug|Any CPU.Build.0 = Debug|Any CPU
		{3248B31C-5570-49C6-A5F6-9AD9AC13453F}.Release|Any CPU.ActiveCfg = Release|Any CPU
		{3248B31C-5570-49C6-A5F6-9AD9AC13453F}.Release|Any CPU.Build.0 = Release|Any CPU
	EndGlobalSection
	GlobalSection(SolutionProperties) = preSolution
		HideSolutionNode = FALSE
	EndGlobalSection
	GlobalSection(ExtensibilityGlobals) = postSolution
		SolutionGuid = {6839854E-5D8C-4979-A404-2364DFB04FAB}
	EndGlobalSection
EndGlobal
