
Microsoft Visual Studio Solution File, Format Version 12.00
# Visual Studio 15
VisualStudioVersion = 15.0.28010.2036
MinimumVisualStudioVersion = 10.0.40219.1
Project("{FAE04EC0-301F-11D3-BF4B-00C04F79EFBC}") = "ADL.Unity", "ADL.Unity\ADL.Unity.csproj", "{91132B0F-9DFB-4B0A-A30C-A47A1C94764A}"
EndProject
Project("{FAE04EC0-301F-11D3-BF4B-00C04F79EFBC}") = "ADL.CustomCMD", "ADL.CustomCMD\ADL.CustomCMD.csproj", "{7E8C8892-86A6-46AF-AC32-BC632613B288}"
EndProject
Project("{FAE04EC0-301F-11D3-BF4B-00C04F79EFBC}") = "ADL.UnitTests", "ADL.UnitTests\ADL.UnitTests.csproj", "{F3634205-A012-4445-99E1-F0BB5602782B}"
EndProject
Project("{FAE04EC0-301F-11D3-BF4B-00C04F79EFBC}") = "ADL.DebugTest", "ADL.DebugTest\ADL.DebugTest.csproj", "{43AEF18E-04E5-4A18-BBBD-953FF770595F}"
EndProject
Project("{FAE04EC0-301F-11D3-BF4B-00C04F79EFBC}") = "ADL", "ADL\ADL.csproj", "{8F26A0D6-277D-4B69-B173-CF9B13D425EF}"
EndProject
Project("{FAE04EC0-301F-11D3-BF4B-00C04F79EFBC}") = "ADL.Network.Server", "ADL.Network.Server\ADL.Network.Server.csproj", "{9A6CAFCE-7CD1-4F85-9C67-8CDD5F91FF91}"
EndProject
Project("{FAE04EC0-301F-11D3-BF4B-00C04F79EFBC}") = "ADL.Network.Shared", "ADL.Network.Shared\ADL.Network.Shared.csproj", "{CAA06CCD-43D4-4B2A-810C-A6962DED22B5}"
EndProject
Project("{FAE04EC0-301F-11D3-BF4B-00C04F79EFBC}") = "ADL.Network.Client", "ADL.Network.Client\ADL.Network.Client.csproj", "{00AF691C-BB86-44F8-B506-7C370E4A6BB5}"
EndProject
Global
	GlobalSection(SolutionConfigurationPlatforms) = preSolution
		Debug|Any CPU = Debug|Any CPU
		Release|Any CPU = Release|Any CPU
	EndGlobalSection
	GlobalSection(ProjectConfigurationPlatforms) = postSolution
		{91132B0F-9DFB-4B0A-A30C-A47A1C94764A}.Debug|Any CPU.ActiveCfg = Debug|Any CPU
		{91132B0F-9DFB-4B0A-A30C-A47A1C94764A}.Debug|Any CPU.Build.0 = Debug|Any CPU
		{91132B0F-9DFB-4B0A-A30C-A47A1C94764A}.Release|Any CPU.ActiveCfg = Release|Any CPU
		{91132B0F-9DFB-4B0A-A30C-A47A1C94764A}.Release|Any CPU.Build.0 = Release|Any CPU
		{7E8C8892-86A6-46AF-AC32-BC632613B288}.Debug|Any CPU.ActiveCfg = Debug|Any CPU
		{7E8C8892-86A6-46AF-AC32-BC632613B288}.Debug|Any CPU.Build.0 = Debug|Any CPU
		{7E8C8892-86A6-46AF-AC32-BC632613B288}.Release|Any CPU.ActiveCfg = Release|Any CPU
		{7E8C8892-86A6-46AF-AC32-BC632613B288}.Release|Any CPU.Build.0 = Release|Any CPU
		{F3634205-A012-4445-99E1-F0BB5602782B}.Debug|Any CPU.ActiveCfg = Debug|Any CPU
		{F3634205-A012-4445-99E1-F0BB5602782B}.Debug|Any CPU.Build.0 = Debug|Any CPU
		{F3634205-A012-4445-99E1-F0BB5602782B}.Release|Any CPU.ActiveCfg = Release|Any CPU
		{F3634205-A012-4445-99E1-F0BB5602782B}.Release|Any CPU.Build.0 = Release|Any CPU
		{43AEF18E-04E5-4A18-BBBD-953FF770595F}.Debug|Any CPU.ActiveCfg = Debug|Any CPU
		{43AEF18E-04E5-4A18-BBBD-953FF770595F}.Debug|Any CPU.Build.0 = Debug|Any CPU
		{43AEF18E-04E5-4A18-BBBD-953FF770595F}.Release|Any CPU.ActiveCfg = Release|Any CPU
		{43AEF18E-04E5-4A18-BBBD-953FF770595F}.Release|Any CPU.Build.0 = Release|Any CPU
		{8F26A0D6-277D-4B69-B173-CF9B13D425EF}.Debug|Any CPU.ActiveCfg = Debug|Any CPU
		{8F26A0D6-277D-4B69-B173-CF9B13D425EF}.Debug|Any CPU.Build.0 = Debug|Any CPU
		{8F26A0D6-277D-4B69-B173-CF9B13D425EF}.Release|Any CPU.ActiveCfg = Release|Any CPU
		{8F26A0D6-277D-4B69-B173-CF9B13D425EF}.Release|Any CPU.Build.0 = Release|Any CPU
		{9A6CAFCE-7CD1-4F85-9C67-8CDD5F91FF91}.Debug|Any CPU.ActiveCfg = Debug|Any CPU
		{9A6CAFCE-7CD1-4F85-9C67-8CDD5F91FF91}.Debug|Any CPU.Build.0 = Debug|Any CPU
		{9A6CAFCE-7CD1-4F85-9C67-8CDD5F91FF91}.Release|Any CPU.ActiveCfg = Release|Any CPU
		{9A6CAFCE-7CD1-4F85-9C67-8CDD5F91FF91}.Release|Any CPU.Build.0 = Release|Any CPU
		{CAA06CCD-43D4-4B2A-810C-A6962DED22B5}.Debug|Any CPU.ActiveCfg = Debug|Any CPU
		{CAA06CCD-43D4-4B2A-810C-A6962DED22B5}.Debug|Any CPU.Build.0 = Debug|Any CPU
		{CAA06CCD-43D4-4B2A-810C-A6962DED22B5}.Release|Any CPU.ActiveCfg = Release|Any CPU
		{CAA06CCD-43D4-4B2A-810C-A6962DED22B5}.Release|Any CPU.Build.0 = Release|Any CPU
		{00AF691C-BB86-44F8-B506-7C370E4A6BB5}.Debug|Any CPU.ActiveCfg = Debug|Any CPU
		{00AF691C-BB86-44F8-B506-7C370E4A6BB5}.Debug|Any CPU.Build.0 = Debug|Any CPU
		{00AF691C-BB86-44F8-B506-7C370E4A6BB5}.Release|Any CPU.ActiveCfg = Release|Any CPU
		{00AF691C-BB86-44F8-B506-7C370E4A6BB5}.Release|Any CPU.Build.0 = Release|Any CPU
	EndGlobalSection
	GlobalSection(SolutionProperties) = preSolution
		HideSolutionNode = FALSE
	EndGlobalSection
	GlobalSection(ExtensibilityGlobals) = postSolution
		SolutionGuid = {643432B3-EDD8-4213-8B07-7E62D78329C6}
	EndGlobalSection
EndGlobal
